
Microsoft Visual Studio Solution File, Format Version 12.00
# Visual Studio Version 16
VisualStudioVersion = 16.0.29215.179
MinimumVisualStudioVersion = 10.0.40219.1
Project("{FAE04EC0-301F-11D3-BF4B-00C04F79EFBC}") = "ShellcodeCarver", "ShellcodeCarver\ShellcodeCarver.csproj", "{51B8A1A7-D5DB-4F28-82E9-6A66AF0BA523}"
EndProject
Global
	GlobalSection(SolutionConfigurationPlatforms) = preSolution
		Debug|Any CPU = Debug|Any CPU
		Release|Any CPU = Release|Any CPU
	EndGlobalSection
	GlobalSection(ProjectConfigurationPlatforms) = postSolution
		{51B8A1A7-D5DB-4F28-82E9-6A66AF0BA523}.Debug|Any CPU.ActiveCfg = Debug|Any CPU
		{51B8A1A7-D5DB-4F28-82E9-6A66AF0BA523}.Debug|Any CPU.Build.0 = Debug|Any CPU
		{51B8A1A7-D5DB-4F28-82E9-6A66AF0BA523}.Release|Any CPU.ActiveCfg = Release|Any CPU
		{51B8A1A7-D5DB-4F28-82E9-6A66AF0BA523}.Release|Any CPU.Build.0 = Release|Any CPU
	EndGlobalSection
	GlobalSection(SolutionProperties) = preSolution
		HideSolutionNode = FALSE
	EndGlobalSection
	GlobalSection(ExtensibilityGlobals) = postSolution
		SolutionGuid = {ABF986C8-4986-401F-9626-1E674E78C550}
	EndGlobalSection
EndGlobal
